
Microsoft Visual Studio Solution File, Format Version 12.00
# Visual Studio 2013
VisualStudioVersion = 12.0.21005.1
MinimumVisualStudioVersion = 10.0.40219.1
Project("{FAE04EC0-301F-11D3-BF4B-00C04F79EFBC}") = "Ftp", "Ftp\Ftp.csproj", "{624A0E75-24C0-4E92-B924-90C1EB1DB891}"
EndProject
Project("{FAE04EC0-301F-11D3-BF4B-00C04F79EFBC}") = "Ftp.UnitTests", "Ftp.Tests\Ftp.UnitTests.csproj", "{67735F0D-7CD1-4606-B844-A4D2612E9D62}"
EndProject
Project("{FAE04EC0-301F-11D3-BF4B-00C04F79EFBC}") = "FtpPackage.NuGet", "FtpPackage.NuGet\FtpPackage.NuGet.csproj", "{AEA3D3AD-56C4-4811-806B-DE563E248138}"
EndProject
Project("{2150E333-8FDC-42A3-9474-1A3956D46DE8}") = "Tools", "Tools", "{5EEA2D68-8412-43F2-9AD4-DD23116DC34E}"
EndProject
Project("{2150E333-8FDC-42A3-9474-1A3956D46DE8}") = "NuGet", "NuGet", "{4D6D49FF-5EDF-4697-AC8C-7ED448114C78}"
	ProjectSection(SolutionItems) = preProject
		Tools\NuGet\NuGet.exe = Tools\NuGet\NuGet.exe
		Tools\NuGet\NuGetPack.exe = Tools\NuGet\NuGetPack.exe
	EndProjectSection
EndProject
Project("{2150E333-8FDC-42A3-9474-1A3956D46DE8}") = "NUnit", "NUnit", "{B915D727-E36C-40C6-B6AE-5BFFBFA5C4A2}"
	ProjectSection(SolutionItems) = preProject
		Tools\NUnit\nunit-agent.exe = Tools\NUnit\nunit-agent.exe
		Tools\NUnit\nunit-agent.exe.config = Tools\NUnit\nunit-agent.exe.config
		Tools\NUnit\nunit-console.exe = Tools\NUnit\nunit-console.exe
		Tools\NUnit\nunit-console.exe.config = Tools\NUnit\nunit-console.exe.config
	EndProjectSection
EndProject
Project("{2150E333-8FDC-42A3-9474-1A3956D46DE8}") = "framework", "framework", "{A0E38FDD-ED51-458C-8693-045A75C9030F}"
	ProjectSection(SolutionItems) = preProject
		Tools\NUnit\framework\nunit.framework.dll = Tools\NUnit\framework\nunit.framework.dll
		Tools\NUnit\framework\nunit.framework.xml = Tools\NUnit\framework\nunit.framework.xml
		Tools\NUnit\framework\nunit.mocks.dll = Tools\NUnit\framework\nunit.mocks.dll
	EndProjectSection
EndProject
Project("{2150E333-8FDC-42A3-9474-1A3956D46DE8}") = "lib", "lib", "{247E9E4B-438B-4E99-AED9-CCA0C51C2A8D}"
	ProjectSection(SolutionItems) = preProject
		Tools\NUnit\lib\nunit-console-runner.dll = Tools\NUnit\lib\nunit-console-runner.dll
		Tools\NUnit\lib\nunit-gui-runner.dll = Tools\NUnit\lib\nunit-gui-runner.dll
		Tools\NUnit\lib\nunit.core.dll = Tools\NUnit\lib\nunit.core.dll
		Tools\NUnit\lib\nunit.core.interfaces.dll = Tools\NUnit\lib\nunit.core.interfaces.dll
		Tools\NUnit\lib\nunit.uiexception.dll = Tools\NUnit\lib\nunit.uiexception.dll
		Tools\NUnit\lib\nunit.uikit.dll = Tools\NUnit\lib\nunit.uikit.dll
		Tools\NUnit\lib\nunit.util.dll = Tools\NUnit\lib\nunit.util.dll
	EndProjectSection
EndProject
Project("{2150E333-8FDC-42A3-9474-1A3956D46DE8}") = "CommandLine", "CommandLine", "{4CE9E597-6514-46F6-A71F-B7E61E2C84C1}"
	ProjectSection(SolutionItems) = preProject
		Tools\CommandLine\CommandLine.dll = Tools\CommandLine\CommandLine.dll
	EndProjectSection
EndProject
Project("{2150E333-8FDC-42A3-9474-1A3956D46DE8}") = "RhinoMocks", "RhinoMocks", "{6D245FF4-5643-46A2-8A14-DA9C7BE116DC}"
	ProjectSection(SolutionItems) = preProject
		Tools\RhinoMocks\Rhino.Mocks.dll = Tools\RhinoMocks\Rhino.Mocks.dll
	EndProjectSection
EndProject
Global
	GlobalSection(SolutionConfigurationPlatforms) = preSolution
		Debug|Any CPU = Debug|Any CPU
		Release|Any CPU = Release|Any CPU
	EndGlobalSection
	GlobalSection(ProjectConfigurationPlatforms) = postSolution
		{624A0E75-24C0-4E92-B924-90C1EB1DB891}.Debug|Any CPU.ActiveCfg = Debug|Any CPU
		{624A0E75-24C0-4E92-B924-90C1EB1DB891}.Debug|Any CPU.Build.0 = Debug|Any CPU
		{624A0E75-24C0-4E92-B924-90C1EB1DB891}.Release|Any CPU.ActiveCfg = Release|Any CPU
		{624A0E75-24C0-4E92-B924-90C1EB1DB891}.Release|Any CPU.Build.0 = Release|Any CPU
		{67735F0D-7CD1-4606-B844-A4D2612E9D62}.Debug|Any CPU.ActiveCfg = Debug|Any CPU
		{67735F0D-7CD1-4606-B844-A4D2612E9D62}.Debug|Any CPU.Build.0 = Debug|Any CPU
		{67735F0D-7CD1-4606-B844-A4D2612E9D62}.Release|Any CPU.ActiveCfg = Release|Any CPU
		{67735F0D-7CD1-4606-B844-A4D2612E9D62}.Release|Any CPU.Build.0 = Release|Any CPU
		{AEA3D3AD-56C4-4811-806B-DE563E248138}.Debug|Any CPU.ActiveCfg = Debug|Any CPU
		{AEA3D3AD-56C4-4811-806B-DE563E248138}.Debug|Any CPU.Build.0 = Debug|Any CPU
		{AEA3D3AD-56C4-4811-806B-DE563E248138}.Release|Any CPU.ActiveCfg = Release|Any CPU
		{AEA3D3AD-56C4-4811-806B-DE563E248138}.Release|Any CPU.Build.0 = Release|Any CPU
	EndGlobalSection
	GlobalSection(SolutionProperties) = preSolution
		HideSolutionNode = FALSE
	EndGlobalSection
	GlobalSection(NestedProjects) = preSolution
		{4D6D49FF-5EDF-4697-AC8C-7ED448114C78} = {5EEA2D68-8412-43F2-9AD4-DD23116DC34E}
		{B915D727-E36C-40C6-B6AE-5BFFBFA5C4A2} = {5EEA2D68-8412-43F2-9AD4-DD23116DC34E}
		{4CE9E597-6514-46F6-A71F-B7E61E2C84C1} = {5EEA2D68-8412-43F2-9AD4-DD23116DC34E}
		{6D245FF4-5643-46A2-8A14-DA9C7BE116DC} = {5EEA2D68-8412-43F2-9AD4-DD23116DC34E}
		{A0E38FDD-ED51-458C-8693-045A75C9030F} = {B915D727-E36C-40C6-B6AE-5BFFBFA5C4A2}
		{247E9E4B-438B-4E99-AED9-CCA0C51C2A8D} = {B915D727-E36C-40C6-B6AE-5BFFBFA5C4A2}
	EndGlobalSection
EndGlobal
